
Microsoft Visual Studio Solution File, Format Version 12.00
# Visual Studio 15
VisualStudioVersion = 15.0.27004.2005
MinimumVisualStudioVersion = 10.0.40219.1
Project("{FAE04EC0-301F-11D3-BF4B-00C04F79EFBC}") = "Etapa7", "Etapa1\Etapa7.csproj", "{DA8FBAD7-E915-453B-ABD4-8A2510E5DE54}"
EndProject
Global
	GlobalSection(SolutionConfigurationPlatforms) = preSolution
		Debug|Any CPU = Debug|Any CPU
		Release|Any CPU = Release|Any CPU
	EndGlobalSection
	GlobalSection(ProjectConfigurationPlatforms) = postSolution
		{DA8FBAD7-E915-453B-ABD4-8A2510E5DE54}.Debug|Any CPU.ActiveCfg = Debug|Any CPU
		{DA8FBAD7-E915-453B-ABD4-8A2510E5DE54}.Debug|Any CPU.Build.0 = Debug|Any CPU
		{DA8FBAD7-E915-453B-ABD4-8A2510E5DE54}.Release|Any CPU.ActiveCfg = Release|Any CPU
		{DA8FBAD7-E915-453B-ABD4-8A2510E5DE54}.Release|Any CPU.Build.0 = Release|Any CPU
	EndGlobalSection
	GlobalSection(SolutionProperties) = preSolution
		HideSolutionNode = FALSE
	EndGlobalSection
	GlobalSection(ExtensibilityGlobals) = postSolution
		SolutionGuid = {975853B1-6A06-4728-BC1C-64A87D6EA94C}
	EndGlobalSection
EndGlobal
